
Microsoft Visual Studio Solution File, Format Version 12.00
# Visual Studio Version 17
VisualStudioVersion = 17.4.33205.214
MinimumVisualStudioVersion = 10.0.40219.1
Project("{9A19103F-16F7-4668-BE54-9A1E7A4F7556}") = "NTierArchitectureServer.WebApi", "NTierArchitectureServer.WebApi\NTierArchitectureServer.WebApi.csproj", "{FA9B2FBB-4FBF-4D1C-85F2-E8BA65C5EDDA}"
EndProject
Project("{9A19103F-16F7-4668-BE54-9A1E7A4F7556}") = "NTierArchitectureServer.ConsoleApp", "NTierArchitectureServer.ConsoleApp\NTierArchitectureServer.ConsoleApp.csproj", "{AA15FF33-5982-4B4D-9252-C9566404F896}"
EndProject
Project("{9A19103F-16F7-4668-BE54-9A1E7A4F7556}") = "NTierArchitectureServer.DataAccess", "NTierArchitectureServer.DataAccess\NTierArchitectureServer.DataAccess.csproj", "{7098BD7E-6D70-4A54-98E1-C2C93C361379}"
EndProject
Project("{9A19103F-16F7-4668-BE54-9A1E7A4F7556}") = "NTierArchitectureServer.Entities", "NTierArchitectureServer.Entities\NTierArchitectureServer.Entities.csproj", "{0A99C9C6-54FA-4A91-B99B-BBC1D0D3A14D}"
EndProject
Project("{9A19103F-16F7-4668-BE54-9A1E7A4F7556}") = "NTierArchitectureServer.Business", "NTierArchitectureServer.Business\NTierArchitectureServer.Business.csproj", "{F8F5D44D-2422-4B9A-A5AF-5ED181E9F1FF}"
EndProject
Project("{FAE04EC0-301F-11D3-BF4B-00C04F79EFBC}") = "NTierArchitectureServer.Core", "NTierArchitectureServer.Core\NTierArchitectureServer.Core.csproj", "{C5F60D00-FB4D-4A0E-8672-5003C6D54991}"
EndProject
Global
	GlobalSection(SolutionConfigurationPlatforms) = preSolution
		Debug|Any CPU = Debug|Any CPU
		Release|Any CPU = Release|Any CPU
	EndGlobalSection
	GlobalSection(ProjectConfigurationPlatforms) = postSolution
		{FA9B2FBB-4FBF-4D1C-85F2-E8BA65C5EDDA}.Debug|Any CPU.ActiveCfg = Debug|Any CPU
		{FA9B2FBB-4FBF-4D1C-85F2-E8BA65C5EDDA}.Debug|Any CPU.Build.0 = Debug|Any CPU
		{FA9B2FBB-4FBF-4D1C-85F2-E8BA65C5EDDA}.Release|Any CPU.ActiveCfg = Release|Any CPU
		{FA9B2FBB-4FBF-4D1C-85F2-E8BA65C5EDDA}.Release|Any CPU.Build.0 = Release|Any CPU
		{AA15FF33-5982-4B4D-9252-C9566404F896}.Debug|Any CPU.ActiveCfg = Debug|Any CPU
		{AA15FF33-5982-4B4D-9252-C9566404F896}.Debug|Any CPU.Build.0 = Debug|Any CPU
		{AA15FF33-5982-4B4D-9252-C9566404F896}.Release|Any CPU.ActiveCfg = Release|Any CPU
		{AA15FF33-5982-4B4D-9252-C9566404F896}.Release|Any CPU.Build.0 = Release|Any CPU
		{7098BD7E-6D70-4A54-98E1-C2C93C361379}.Debug|Any CPU.ActiveCfg = Debug|Any CPU
		{7098BD7E-6D70-4A54-98E1-C2C93C361379}.Debug|Any CPU.Build.0 = Debug|Any CPU
		{7098BD7E-6D70-4A54-98E1-C2C93C361379}.Release|Any CPU.ActiveCfg = Release|Any CPU
		{7098BD7E-6D70-4A54-98E1-C2C93C361379}.Release|Any CPU.Build.0 = Release|Any CPU
		{0A99C9C6-54FA-4A91-B99B-BBC1D0D3A14D}.Debug|Any CPU.ActiveCfg = Debug|Any CPU
		{0A99C9C6-54FA-4A91-B99B-BBC1D0D3A14D}.Debug|Any CPU.Build.0 = Debug|Any CPU
		{0A99C9C6-54FA-4A91-B99B-BBC1D0D3A14D}.Release|Any CPU.ActiveCfg = Release|Any CPU
		{0A99C9C6-54FA-4A91-B99B-BBC1D0D3A14D}.Release|Any CPU.Build.0 = Release|Any CPU
		{F8F5D44D-2422-4B9A-A5AF-5ED181E9F1FF}.Debug|Any CPU.ActiveCfg = Debug|Any CPU
		{F8F5D44D-2422-4B9A-A5AF-5ED181E9F1FF}.Debug|Any CPU.Build.0 = Debug|Any CPU
		{F8F5D44D-2422-4B9A-A5AF-5ED181E9F1FF}.Release|Any CPU.ActiveCfg = Release|Any CPU
		{F8F5D44D-2422-4B9A-A5AF-5ED181E9F1FF}.Release|Any CPU.Build.0 = Release|Any CPU
		{C5F60D00-FB4D-4A0E-8672-5003C6D54991}.Debug|Any CPU.ActiveCfg = Debug|Any CPU
		{C5F60D00-FB4D-4A0E-8672-5003C6D54991}.Debug|Any CPU.Build.0 = Debug|Any CPU
		{C5F60D00-FB4D-4A0E-8672-5003C6D54991}.Release|Any CPU.ActiveCfg = Release|Any CPU
		{C5F60D00-FB4D-4A0E-8672-5003C6D54991}.Release|Any CPU.Build.0 = Release|Any CPU
	EndGlobalSection
	GlobalSection(SolutionProperties) = preSolution
		HideSolutionNode = FALSE
	EndGlobalSection
	GlobalSection(ExtensibilityGlobals) = postSolution
		SolutionGuid = {4F850940-4F64-4A50-A913-729EC4DFCE8B}
	EndGlobalSection
EndGlobal
